
Microsoft Visual Studio Solution File, Format Version 12.00
# Visual Studio Version 17
VisualStudioVersion = 17.14.36127.28
MinimumVisualStudioVersion = 10.0.40219.1
Project("{FAE04EC0-301F-11D3-BF4B-00C04F79EFBC}") = "OpenCLBenchmark", "OpenCLBenchmark\OpenCLBenchmark.csproj", "{DB06B0C7-879F-4FF0-A85D-61D408D484E5}"
EndProject
Project("{FAE04EC0-301F-11D3-BF4B-00C04F79EFBC}") = "OpenCLBenchmark.Tests", "OpenCLBenchmark.Tests\OpenCLBenchmark.Tests.csproj", "{DAB10B1F-00D5-412A-9EA0-E0E3537F4F85}"
EndProject
Global
	GlobalSection(SolutionConfigurationPlatforms) = preSolution
		Debug|Any CPU = Debug|Any CPU
		Release|Any CPU = Release|Any CPU
	EndGlobalSection
	GlobalSection(ProjectConfigurationPlatforms) = postSolution
		{DB06B0C7-879F-4FF0-A85D-61D408D484E5}.Debug|Any CPU.ActiveCfg = Debug|Any CPU
		{DB06B0C7-879F-4FF0-A85D-61D408D484E5}.Debug|Any CPU.Build.0 = Debug|Any CPU
		{DB06B0C7-879F-4FF0-A85D-61D408D484E5}.Release|Any CPU.ActiveCfg = Release|Any CPU
		{DB06B0C7-879F-4FF0-A85D-61D408D484E5}.Release|Any CPU.Build.0 = Release|Any CPU
		{DAB10B1F-00D5-412A-9EA0-E0E3537F4F85}.Debug|Any CPU.ActiveCfg = Debug|Any CPU
		{DAB10B1F-00D5-412A-9EA0-E0E3537F4F85}.Debug|Any CPU.Build.0 = Debug|Any CPU
		{DAB10B1F-00D5-412A-9EA0-E0E3537F4F85}.Release|Any CPU.ActiveCfg = Release|Any CPU
		{DAB10B1F-00D5-412A-9EA0-E0E3537F4F85}.Release|Any CPU.Build.0 = Release|Any CPU
	EndGlobalSection
	GlobalSection(SolutionProperties) = preSolution
		HideSolutionNode = FALSE
	EndGlobalSection
	GlobalSection(ExtensibilityGlobals) = postSolution
		SolutionGuid = {FF52A69F-3B4B-4F2C-95D0-E49FC85A50B9}
	EndGlobalSection
EndGlobal
